
Microsoft Visual Studio Solution File, Format Version 12.00
# Visual Studio Version 17
VisualStudioVersion = 17.9.34622.214
MinimumVisualStudioVersion = 10.0.40219.1
Project("{FAE04EC0-301F-11D3-BF4B-00C04F79EFBC}") = "WebApplication1", "WebApplication1\WebApplication1.csproj", "{89E52467-6414-42B8-ACF5-6F002A5B157F}"
EndProject
Global
	GlobalSection(SolutionConfigurationPlatforms) = preSolution
		Debug|Any CPU = Debug|Any CPU
		Release|Any CPU = Release|Any CPU
	EndGlobalSection
	GlobalSection(ProjectConfigurationPlatforms) = postSolution
		{89E52467-6414-42B8-ACF5-6F002A5B157F}.Debug|Any CPU.ActiveCfg = Debug|Any CPU
		{89E52467-6414-42B8-ACF5-6F002A5B157F}.Debug|Any CPU.Build.0 = Debug|Any CPU
		{89E52467-6414-42B8-ACF5-6F002A5B157F}.Release|Any CPU.ActiveCfg = Release|Any CPU
		{89E52467-6414-42B8-ACF5-6F002A5B157F}.Release|Any CPU.Build.0 = Release|Any CPU
	EndGlobalSection
	GlobalSection(SolutionProperties) = preSolution
		HideSolutionNode = FALSE
	EndGlobalSection
	GlobalSection(ExtensibilityGlobals) = postSolution
		SolutionGuid = {5EA42BBE-3848-4C33-9ABF-0C35FA5E9600}
	EndGlobalSection
EndGlobal
